
Microsoft Visual Studio Solution File, Format Version 12.00
# Visual Studio Version 16
VisualStudioVersion = 16.0.33214.272
MinimumVisualStudioVersion = 10.0.40219.1
Project("{FAE04EC0-301F-11D3-BF4B-00C04F79EFBC}") = "FoodPrepers.Server", "FoodPrepers\Server\FoodPrepers.Server.csproj", "{16F7377D-8D90-4115-8E73-4B87A23872F3}"
EndProject
Project("{FAE04EC0-301F-11D3-BF4B-00C04F79EFBC}") = "FoodPrepers.Client", "FoodPrepers\Client\FoodPrepers.Client.csproj", "{4F7D35C8-7914-4A8F-BAF0-865544C59668}"
EndProject
Project("{FAE04EC0-301F-11D3-BF4B-00C04F79EFBC}") = "FoodPrepers.Shared", "FoodPrepers\Shared\FoodPrepers.Shared.csproj", "{8F80C37F-69C6-428F-8656-77A48904384B}"
EndProject
Global
	GlobalSection(SolutionConfigurationPlatforms) = preSolution
		Debug|Any CPU = Debug|Any CPU
		Release|Any CPU = Release|Any CPU
	EndGlobalSection
	GlobalSection(ProjectConfigurationPlatforms) = postSolution
		{16F7377D-8D90-4115-8E73-4B87A23872F3}.Debug|Any CPU.ActiveCfg = Debug|Any CPU
		{16F7377D-8D90-4115-8E73-4B87A23872F3}.Debug|Any CPU.Build.0 = Debug|Any CPU
		{16F7377D-8D90-4115-8E73-4B87A23872F3}.Release|Any CPU.ActiveCfg = Release|Any CPU
		{16F7377D-8D90-4115-8E73-4B87A23872F3}.Release|Any CPU.Build.0 = Release|Any CPU
		{4F7D35C8-7914-4A8F-BAF0-865544C59668}.Debug|Any CPU.ActiveCfg = Debug|Any CPU
		{4F7D35C8-7914-4A8F-BAF0-865544C59668}.Debug|Any CPU.Build.0 = Debug|Any CPU
		{4F7D35C8-7914-4A8F-BAF0-865544C59668}.Release|Any CPU.ActiveCfg = Release|Any CPU
		{4F7D35C8-7914-4A8F-BAF0-865544C59668}.Release|Any CPU.Build.0 = Release|Any CPU
		{8F80C37F-69C6-428F-8656-77A48904384B}.Debug|Any CPU.ActiveCfg = Debug|Any CPU
		{8F80C37F-69C6-428F-8656-77A48904384B}.Debug|Any CPU.Build.0 = Debug|Any CPU
		{8F80C37F-69C6-428F-8656-77A48904384B}.Release|Any CPU.ActiveCfg = Release|Any CPU
		{8F80C37F-69C6-428F-8656-77A48904384B}.Release|Any CPU.Build.0 = Release|Any CPU
	EndGlobalSection
	GlobalSection(SolutionProperties) = preSolution
		HideSolutionNode = FALSE
	EndGlobalSection
	GlobalSection(ExtensibilityGlobals) = postSolution
		SolutionGuid = {09976562-A21B-47D4-85B0-8258E720FC58}
	EndGlobalSection
EndGlobal
